dependencies:
- name: minio-instance
  repository: oci://registry1.dso.mil/bigbang
  version: 5.0.3-bb.2
- name: gluon
  repository: oci://registry1.dso.mil/bigbang
  version: 0.4.0
digest: sha256:f96d8cec3cb64f8285e55e6f882a7a69e4e42e63ea4608ccd60bafcb2a18815e
generated: "2023-09-12T07:29:39.908217044-06:00"
